// !$*UTF8*$!
{
	archiveVersion = 1;
	classes = {
	};
	objectVersion = 56;
	objects = {

/* Begin PBXBuildFile section */
		0BD7120F2CC84A8B0059DB65 /* AppDelegate.swift in Sources */ = {isa = PBXBuildFile; fileRef = 0BD7120E2CC84A8B0059DB65 /* AppDelegate.swift */; };
		0BD712112CC84A8B0059DB65 /* SceneDelegate.swift in Sources */ = {isa = PBXBuildFile; fileRef = 0BD712102CC84A8B0059DB65 /* SceneDelegate.swift */; };
		0BD712132CC84A8B0059DB65 /* ViewController.swift in Sources */ = {isa = PBXBuildFile; fileRef = 0BD712122CC84A8B0059DB65 /* ViewController.swift */; };
		0BD712162CC84A8B0059DB65 /* Base in Resources */ = {isa = PBXBuildFile; fileRef = 0BD712152CC84A8B0059DB65 /* Base */; };
		0BD712182CC84A8C0059DB65 /* Assets.xcassets in Resources */ = {isa = PBXBuildFile; fileRef = 0BD712172CC84A8C0059DB65 /* Assets.xcassets */; };
		0BD7121B2CC84A8C0059DB65 /* Base in Resources */ = {isa = PBXBuildFile; fileRef = 0BD7121A2CC84A8C0059DB65 /* Base */; };
		0BD7122A2CC84CAC0059DB65 /* A.wav in Resources */ = {isa = PBXBuildFile; fileRef = 0BD712222CC84CAC0059DB65 /* A.wav */; };
		0BD7122B2CC84CAC0059DB65 /* B.wav in Resources */ = {isa = PBXBuildFile; fileRef = 0BD712232CC84CAC0059DB65 /* B.wav */; };
		0BD7122C2CC84CAC0059DB65 /* C.wav in Resources */ = {isa = PBXBuildFile; fileRef = 0BD712242CC84CAC0059DB65 /* C.wav */; };
		0BD7122D2CC84CAC0059DB65 /* D.wav in Resources */ = {isa = PBXBuildFile; fileRef = 0BD712252CC84CAC0059DB65 /* D.wav */; };
		0BD7122E2CC84CAC0059DB65 /* E.wav in Resources */ = {isa = PBXBuildFile; fileRef = 0BD712262CC84CAC0059DB65 /* E.wav */; };
		0BD7122F2CC84CAC0059DB65 /* F.wav in Resources */ = {isa = PBXBuildFile; fileRef = 0BD712272CC84CAC0059DB65 /* F.wav */; };
		0BD712302CC84CAC0059DB65 /* G.wav in Resources */ = {isa = PBXBuildFile; fileRef = 0BD712282CC84CAC0059DB65 /* G.wav */; };
/* End PBXBuildFile section */

/* Begin PBXFileReference section */
		0BD7120B2CC84A8B0059DB65 /* XylophoneApp.app */ = {isa = PBXFileReference; explicitFileType = wrapper.application; includeInIndex = 0; path = XylophoneApp.app; sourceTree = BUILT_PRODUCTS_DIR; };
		0BD7120E2CC84A8B0059DB65 /* AppDelegate.swift */ = {isa = PBXFileReference; lastKnownFileType = sourcecode.swift; path = AppDelegate.swift; sourceTree = "<group>"; };
		0BD712102CC84A8B0059DB65 /* SceneDelegate.swift */ = {isa = PBXFileReference; lastKnownFileType = sourcecode.swift; path = SceneDelegate.swift; sourceTree = "<group>"; };
		0BD712122CC84A8B0059DB65 /* ViewController.swift */ = {isa = PBXFileReference; lastKnownFileType = sourcecode.swift; path = ViewController.swift; sourceTree = "<group>"; };
		0BD712152CC84A8B0059DB65 /* Base */ = {isa = PBXFileReference; lastKnownFileType = file.storyboard; name = Base; path = Base.lproj/Main.storyboard; sourceTree = "<group>"; };
		0BD712172CC84A8C0059DB65 /* Assets.xcassets */ = {isa = PBXFileReference; lastKnownFileType = folder.assetcatalog; path = Assets.xcassets; sourceTree = "<group>"; };
		0BD7121A2CC84A8C0059DB65 /* Base */ = {isa = PBXFileReference; lastKnownFileType = file.storyboard; name = Base; path = Base.lproj/LaunchScreen.storyboard; sourceTree = "<group>"; };
		0BD7121C2CC84A8C0059DB65 /* Info.plist */ = {isa = PBXFileReference; lastKnownFileType = text.plist.xml; path = Info.plist; sourceTree = "<group>"; };
		0BD712222CC84CAC0059DB65 /* A.wav */ = {isa = PBXFileReference; lastKnownFileType = audio.wav; path = A.wav; sourceTree = "<group>"; };
		0BD712232CC84CAC0059DB65 /* B.wav */ = {isa = PBXFileReference; lastKnownFileType = audio.wav; path = B.wav; sourceTree = "<group>"; };
		0BD712242CC84CAC0059DB65 /* C.wav */ = {isa = PBXFileReference; lastKnownFileType = audio.wav; path = C.wav; sourceTree = "<group>"; };
		0BD712252CC84CAC0059DB65 /* D.wav */ = {isa = PBXFileReference; lastKnownFileType = audio.wav; path = D.wav; sourceTree = "<group>"; };
		0BD712262CC84CAC0059DB65 /* E.wav */ = {isa = PBXFileReference; lastKnownFileType = audio.wav; path = E.wav; sourceTree = "<group>"; };
		0BD712272CC84CAC0059DB65 /* F.wav */ = {isa = PBXFileReference; lastKnownFileType = audio.wav; path = F.wav; sourceTree = "<group>"; };
		0BD712282CC84CAC0059DB65 /* G.wav */ = {isa = PBXFileReference; lastKnownFileType = audio.wav; path = G.wav; sourceTree = "<group>"; };
/* End PBXFileReference section */

/* Begin PBXFrameworksBuildPhase section */
		0BD712082CC84A8B0059DB65 /* Frameworks */ = {
			isa = PBXFrameworksBuildPhase;
			buildActionMask = 2147483647;
			files = (
			);
			runOnlyForDeploymentPostprocessing = 0;
		};
/* End PBXFrameworksBuildPhase section */

/* Begin PBXGroup section */
		0BD712022CC84A8B0059DB65 = {
			isa = PBXGroup;
			children = (
				0BD7120D2CC84A8B0059DB65 /* XylophoneApp */,
				0BD7120C2CC84A8B0059DB65 /* Products */,
			);
			sourceTree = "<group>";
		};
		0BD7120C2CC84A8B0059DB65 /* Products */ = {
			isa = PBXGroup;
			children = (
				0BD7120B2CC84A8B0059DB65 /* XylophoneApp.app */,
			);
			name = Products;
			sourceTree = "<group>";
		};
		0BD7120D2CC84A8B0059DB65 /* XylophoneApp */ = {
			isa = PBXGroup;
			children = (
				0BD712292CC84CAC0059DB65 /* Sounds */,
				0BD7120E2CC84A8B0059DB65 /* AppDelegate.swift */,
				0BD712102CC84A8B0059DB65 /* SceneDelegate.swift */,
				0BD712122CC84A8B0059DB65 /* ViewController.swift */,
				0BD712142CC84A8B0059DB65 /* Main.storyboard */,
				0BD712172CC84A8C0059DB65 /* Assets.xcassets */,
				0BD712192CC84A8C0059DB65 /* LaunchScreen.storyboard */,
				0BD7121C2CC84A8C0059DB65 /* Info.plist */,
			);
			path = XylophoneApp;
			sourceTree = "<group>";
		};
		0BD712292CC84CAC0059DB65 /* Sounds */ = {
			isa = PBXGroup;
			children = (
				0BD712222CC84CAC0059DB65 /* A.wav */,
				0BD712232CC84CAC0059DB65 /* B.wav */,
				0BD712242CC84CAC0059DB65 /* C.wav */,
				0BD712252CC84CAC0059DB65 /* D.wav */,
				0BD712262CC84CAC0059DB65 /* E.wav */,
				0BD712272CC84CAC0059DB65 /* F.wav */,
				0BD712282CC84CAC0059DB65 /* G.wav */,
			);
			path = Sounds;
			sourceTree = "<group>";
		};
/* End PBXGroup section */

/* Begin PBXNativeTarget section */
		0BD7120A2CC84A8B0059DB65 /* XylophoneApp */ = {
			isa = PBXNativeTarget;
			buildConfigurationList = 0BD7121F2CC84A8C0059DB65 /* Build configuration list for PBXNativeTarget "XylophoneApp" */;
			buildPhases = (
				0BD712072CC84A8B0059DB65 /* Sources */,
				0BD712082CC84A8B0059DB65 /* Frameworks */,
				0BD712092CC84A8B0059DB65 /* Resources */,
			);
			buildRules = (
			);
			dependencies = (
			);
			name = XylophoneApp;
			productName = XylophoneApp;
			productReference = 0BD7120B2CC84A8B0059DB65 /* XylophoneApp.app */;
			productType = "com.apple.product-type.application";
		};
/* End PBXNativeTarget section */

/* Begin PBXProject section */
		0BD712032CC84A8B0059DB65 /* Project object */ = {
			isa = PBXProject;
			attributes = {
				BuildIndependentTargetsInParallel = 1;
				LastSwiftUpdateCheck = 1530;
				LastUpgradeCheck = 1530;
				TargetAttributes = {
					0BD7120A2CC84A8B0059DB65 = {
						CreatedOnToolsVersion = 15.3;
					};
				};
			};
			buildConfigurationList = 0BD712062CC84A8B0059DB65 /* Build configuration list for PBXProject "XylophoneApp" */;
			compatibilityVersion = "Xcode 14.0";
			developmentRegion = en;
			hasScannedForEncodings = 0;
			knownRegions = (
				en,
				Base,
			);
			mainGroup = 0BD712022CC84A8B0059DB65;
			productRefGroup = 0BD7120C2CC84A8B0059DB65 /* Products */;
			projectDirPath = "";
			projectRoot = "";
			targets = (
				0BD7120A2CC84A8B0059DB65 /* XylophoneApp */,
			);
		};
/* End PBXProject section */

/* Begin PBXResourcesBuildPhase section */
		0BD712092CC84A8B0059DB65 /* Resources */ = {
			isa = PBXResourcesBuildPhase;
			buildActionMask = 2147483647;
			files = (
				0BD7122C2CC84CAC0059DB65 /* C.wav in Resources */,
				0BD712182CC84A8C0059DB65 /* Assets.xcassets in Resources */,
				0BD7122D2CC84CAC0059DB65 /* D.wav in Resources */,
				0BD7122F2CC84CAC0059DB65 /* F.wav in Resources */,
				0BD7122B2CC84CAC0059DB65 /* B.wav in Resources */,
				0BD7121B2CC84A8C0059DB65 /* Base in Resources */,
				0BD712302CC84CAC0059DB65 /* G.wav in Resources */,
				0BD7122A2CC84CAC0059DB65 /* A.wav in Resources */,
				0BD7122E2CC84CAC0059DB65 /* E.wav in Resources */,
				0BD712162CC84A8B0059DB65 /* Base in Resources */,
			);
			runOnlyForDeploymentPostprocessing = 0;
		};
/* End PBXResourcesBuildPhase section */

/* Begin PBXSourcesBuildPhase section */
		0BD712072CC84A8B0059DB65 /* Sources */ = {
			isa = PBXSourcesBuildPhase;
			buildActionMask = 2147483647;
			files = (
				0BD712132CC84A8B0059DB65 /* ViewController.swift in Sources */,
				0BD7120F2CC84A8B0059DB65 /* AppDelegate.swift in Sources */,
				0BD712112CC84A8B0059DB65 /* SceneDelegate.swift in Sources */,
			);
			runOnlyForDeploymentPostprocessing = 0;
		};
/* End PBXSourcesBuildPhase section */

/* Begin PBXVariantGroup section */
		0BD712142CC84A8B0059DB65 /* Main.storyboard */ = {
			isa = PBXVariantGroup;
			children = (
				0BD712152CC84A8B0059DB65 /* Base */,
			);
			name = Main.storyboard;
			sourceTree = "<group>";
		};
		0BD712192CC84A8C0059DB65 /* LaunchScreen.storyboard */ = {
			isa = PBXVariantGroup;
			children = (
				0BD7121A2CC84A8C0059DB65 /* Base */,
			);
			name = LaunchScreen.storyboard;
			sourceTree = "<group>";
		};
/* End PBXVariantGroup section */

/* Begin XCBuildConfiguration section */
		0BD7121D2CC84A8C0059DB65 /* Debug */ = {
			isa = XCBuildConfiguration;
			buildSettings = {
				ALWAYS_SEARCH_USER_PATHS = NO;
				ASSETCATALOG_COMPILER_GENERATE_SWIFT_ASSET_SYMBOL_EXTENSIONS = YES;
				CLANG_ANALYZER_NONNULL = YES;
				CLANG_ANALYZER_NUMBER_OBJECT_CONVERSION = YES_AGGRESSIVE;
				CLANG_CXX_LANGUAGE_STANDARD = "gnu++20";
				CLANG_ENABLE_MODULES = YES;
				CLANG_ENABLE_OBJC_ARC = YES;
				CLANG_ENABLE_OBJC_WEAK = YES;
				CLANG_WARN_BLOCK_CAPTURE_AUTORELEASING = YES;
				CLANG_WARN_BOOL_CONVERSION = YES;
				CLANG_WARN_COMMA = YES;
				CLANG_WARN_CONSTANT_CONVERSION = YES;
				CLANG_WARN_DEPRECATED_OBJC_IMPLEMENTATIONS = YES;
				CLANG_WARN_DIRECT_OBJC_ISA_USAGE = YES_ERROR;
				CLANG_WARN_DOCUMENTATION_COMMENTS = YES;
				CLANG_WARN_EMPTY_BODY = YES;
				CLANG_WARN_ENUM_CONVERSION = YES;
				CLANG_WARN_INFINITE_RECURSION = YES;
				CLANG_WARN_INT_CONVERSION = YES;
				CLANG_WARN_NON_LITERAL_NULL_CONVERSION = YES;
				CLANG_WARN_OBJC_IMPLICIT_RETAIN_SELF = YES;
				CLANG_WARN_OBJC_LITERAL_CONVERSION = YES;
				CLANG_WARN_OBJC_ROOT_CLASS = YES_ERROR;
				CLANG_WARN_QUOTED_INCLUDE_IN_FRAMEWORK_HEADER = YES;
				CLANG_WARN_RANGE_LOOP_ANALYSIS = YES;
				CLANG_WARN_STRICT_PROTOTYPES = YES;
				CLANG_WARN_SUSPICIOUS_MOVE = YES;
				CLANG_WARN_UNGUARDED_AVAILABILITY = YES_AGGRESSIVE;
				CLANG_WARN_UNREACHABLE_CODE = YES;
				CLANG_WARN__DUPLICATE_METHOD_MATCH = YES;
				COPY_PHASE_STRIP = NO;
				DEBUG_INFORMATION_FORMAT = dwarf;
				ENABLE_STRICT_OBJC_MSGSEND = YES;
				ENABLE_TESTABILITY = YES;
				ENABLE_USER_SCRIPT_SANDBOXING = YES;
				GCC_C_LANGUAGE_STANDARD = gnu17;
				GCC_DYNAMIC_NO_PIC = NO;
				GCC_NO_COMMON_BLOCKS = YES;
				GCC_OPTIMIZATION_LEVEL = 0;
				GCC_PREPROCESSOR_DEFINITIONS = (
					"DEBUG=1",
					"$(inherited)",
				);
				GCC_WARN_64_TO_32_BIT_CONVERSION = YES;
				GCC_WARN_ABOUT_RETURN_TYPE = YES_ERROR;
				GCC_WARN_UNDECLARED_SELECTOR = YES;
				GCC_WARN_UNINITIALIZED_AUTOS = YES_AGGRESSIVE;
				GCC_WARN_UNUSED_FUNCTION = YES;
				GCC_WARN_UNUSED_VARIABLE = YES;
				IPHONEOS_DEPLOYMENT_TARGET = 17.4;
				LOCALIZATION_PREFERS_STRING_CATALOGS = YES;
				MTL_ENABLE_DEBUG_INFO = INCLUDE_SOURCE;
				MTL_FAST_MATH = YES;
				ONLY_ACTIVE_ARCH = YES;
				SDKROOT = iphoneos;
				SWIFT_ACTIVE_COMPILATION_CONDITIONS = "DEBUG $(inherited)";
				SWIFT_OPTIMIZATION_LEVEL = "-Onone";
			};
			name = Debug;
		};
		0BD7121E2CC84A8C0059DB65 /* Release */ = {
			isa = XCBuildConfiguration;
			buildSettings = {
				ALWAYS_SEARCH_USER_PATHS = NO;
				ASSETCATALOG_COMPILER_GENERATE_SWIFT_ASSET_SYMBOL_EXTENSIONS = YES;
				CLANG_ANALYZER_NONNULL = YES;
				CLANG_ANALYZER_NUMBER_OBJECT_CONVERSION = YES_AGGRESSIVE;
				CLANG_CXX_LANGUAGE_STANDARD = "gnu++20";
				CLANG_ENABLE_MODULES = YES;
				CLANG_ENABLE_OBJC_ARC = YES;
				CLANG_ENABLE_OBJC_WEAK = YES;
				CLANG_WARN_BLOCK_CAPTURE_AUTORELEASING = YES;
				CLANG_WARN_BOOL_CONVERSION = YES;
				CLANG_WARN_COMMA = YES;
				CLANG_WARN_CONSTANT_CONVERSION = YES;
				CLANG_WARN_DEPRECATED_OBJC_IMPLEMENTATIONS = YES;
				CLANG_WARN_DIRECT_OBJC_ISA_USAGE = YES_ERROR;
				CLANG_WARN_DOCUMENTATION_COMMENTS = YES;
				CLANG_WARN_EMPTY_BODY = YES;
				CLANG_WARN_ENUM_CONVERSION = YES;
				CLANG_WARN_INFINITE_RECURSION = YES;
				CLANG_WARN_INT_CONVERSION = YES;
				CLANG_WARN_NON_LITERAL_NULL_CONVERSION = YES;
				CLANG_WARN_OBJC_IMPLICIT_RETAIN_SELF = YES;
				CLANG_WARN_OBJC_LITERAL_CONVERSION = YES;
				CLANG_WARN_OBJC_ROOT_CLASS = YES_ERROR;
				CLANG_WARN_QUOTED_INCLUDE_IN_FRAMEWORK_HEADER = YES;
				CLANG_WARN_RANGE_LOOP_ANALYSIS = YES;
				CLANG_WARN_STRICT_PROTOTYPES = YES;
				CLANG_WARN_SUSPICIOUS_MOVE = YES;
				CLANG_WARN_UNGUARDED_AVAILABILITY = YES_AGGRESSIVE;
				CLANG_WARN_UNREACHABLE_CODE = YES;
				CLANG_WARN__DUPLICATE_METHOD_MATCH = YES;
				COPY_PHASE_STRIP = NO;
				DEBUG_INFORMATION_FORMAT = "dwarf-with-dsym";
				ENABLE_NS_ASSERTIONS = NO;
				ENABLE_STRICT_OBJC_MSGSEND = YES;
				ENABLE_USER_SCRIPT_SANDBOXING = YES;
				GCC_C_LANGUAGE_STANDARD = gnu17;
				GCC_NO_COMMON_BLOCKS = YES;
				GCC_WARN_64_TO_32_BIT_CONVERSION = YES;
				GCC_WARN_ABOUT_RETURN_TYPE = YES_ERROR;
				GCC_WARN_UNDECLARED_SELECTOR = YES;
				GCC_WARN_UNINITIALIZED_AUTOS = YES_AGGRESSIVE;
				GCC_WARN_UNUSED_FUNCTION = YES;
				GCC_WARN_UNUSED_VARIABLE = YES;
				IPHONEOS_DEPLOYMENT_TARGET = 17.4;
				LOCALIZATION_PREFERS_STRING_CATALOGS = YES;
				MTL_ENABLE_DEBUG_INFO = NO;
				MTL_FAST_MATH = YES;
				SDKROOT = iphoneos;
				SWIFT_COMPILATION_MODE = wholemodule;
				VALIDATE_PRODUCT = YES;
			};
			name = Release;
		};
		0BD712202CC84A8C0059DB65 /* Debug */ = {
			isa = XCBuildConfiguration;
			buildSettings = {
				ASSETCATALOG_COMPILER_APPICON_NAME = AppIcon;
				ASSETCATALOG_COMPILER_GLOBAL_ACCENT_COLOR_NAME = AccentColor;
				CODE_SIGN_STYLE = Automatic;
				CURRENT_PROJECT_VERSION = 1;
				GENERATE_INFOPLIST_FILE = YES;
				INFOPLIST_FILE = XylophoneApp/Info.plist;
				INFOPLIST_KEY_UIApplicationSupportsIndirectInputEvents = YES;
				INFOPLIST_KEY_UILaunchStoryboardName = LaunchScreen;
				INFOPLIST_KEY_UIMainStoryboardFile = Main;
				INFOPLIST_KEY_UISupportedInterfaceOrientations_iPad = "UIInterfaceOrientationPortrait UIInterfaceOrientationPortraitUpsideDown UIInterfaceOrientationLandscapeLeft UIInterfaceOrientationLandscapeRight";
				INFOPLIST_KEY_UISupportedInterfaceOrientations_iPhone = "UIInterfaceOrientationPortrait UIInterfaceOrientationLandscapeLeft UIInterfaceOrientationLandscapeRight";
				LD_RUNPATH_SEARCH_PATHS = (
					"$(inherited)",
					"@executable_path/Frameworks",
				);
				MARKETING_VERSION = 1.0;
				PRODUCT_BUNDLE_IDENTIFIER = "Zhannel-Omarova-KBTU.XylophoneApp";
				PRODUCT_NAME = "$(TARGET_NAME)";
				SWIFT_EMIT_LOC_STRINGS = YES;
				SWIFT_VERSION = 5.0;
				TARGETED_DEVICE_FAMILY = "1,2";
			};
			name = Debug;
		};
		0BD712212CC84A8C0059DB65 /* Release */ = {
			isa = XCBuildConfiguration;
			buildSettings = {
				ASSETCATALOG_COMPILER_APPICON_NAME = AppIcon;
				ASSETCATALOG_COMPILER_GLOBAL_ACCENT_COLOR_NAME = AccentColor;
				CODE_SIGN_STYLE = Automatic;
				CURRENT_PROJECT_VERSION = 1;
				GENERATE_INFOPLIST_FILE = YES;
				INFOPLIST_FILE = XylophoneApp/Info.plist;
				INFOPLIST_KEY_UIApplicationSupportsIndirectInputEvents = YES;
				INFOPLIST_KEY_UILaunchStoryboardName = LaunchScreen;
				INFOPLIST_KEY_UIMainStoryboardFile = Main;
				INFOPLIST_KEY_UISupportedInterfaceOrientations_iPad = "UIInterfaceOrientationPortrait UIInterfaceOrientationPortraitUpsideDown UIInterfaceOrientationLandscapeLeft UIInterfaceOrientationLandscapeRight";
				INFOPLIST_KEY_UISupportedInterfaceOrientations_iPhone = "UIInterfaceOrientationPortrait UIInterfaceOrientationLandscapeLeft UIInterfaceOrientationLandscapeRight";
				LD_RUNPATH_SEARCH_PATHS = (
					"$(inherited)",
					"@executable_path/Frameworks",
				);
				MARKETING_VERSION = 1.0;
				PRODUCT_BUNDLE_IDENTIFIER = "Zhannel-Omarova-KBTU.XylophoneApp";
				PRODUCT_NAME = "$(TARGET_NAME)";
				SWIFT_EMIT_LOC_STRINGS = YES;
				SWIFT_VERSION = 5.0;
				TARGETED_DEVICE_FAMILY = "1,2";
			};
			name = Release;
		};
/* End XCBuildConfiguration section */

/* Begin XCConfigurationList section */
		0BD712062CC84A8B0059DB65 /* Build configuration list for PBXProject "XylophoneApp" */ = {
			isa = XCConfigurationList;
			buildConfigurations = (
				0BD7121D2CC84A8C0059DB65 /* Debug */,
				0BD7121E2CC84A8C0059DB65 /* Release */,
			);
			defaultConfigurationIsVisible = 0;
			defaultConfigurationName = Release;
		};
		0BD7121F2CC84A8C0059DB65 /* Build configuration list for PBXNativeTarget "XylophoneApp" */ = {
			isa = XCConfigurationList;
			buildConfigurations = (
				0BD712202CC84A8C0059DB65 /* Debug */,
				0BD712212CC84A8C0059DB65 /* Release */,
			);
			defaultConfigurationIsVisible = 0;
			defaultConfigurationName = Release;
		};
/* End XCConfigurationList section */
	};
	rootObject = 0BD712032CC84A8B0059DB65 /* Project object */;
}
